lockfileVersion: '9.0'

settings:
  autoInstallPeers: true
  excludeLinksFromLockfile: false

importers:

  ui:
    dependencies:
      breakpoint-sass:
        specifier: 2.7.1
        version: 2.7.1

  ui/@types/playstrategy:
    devDependencies:
      '@types/highcharts':
        specifier: 4.2.57
        version: 4.2.57

  ui/analyse:
    dependencies:
      '@badrap/result':
        specifier: ^0.2
        version: 0.2.13
      '@yaireo/tagify':
        specifier: ^4.32.0
        version: 4.35.4(prop-types@15.8.1)(react-dom@19.2.0(react@19.2.0))(react@19.2.0)
      ceval:
        specifier: workspace:*
        version: link:../ceval
      chat:
        specifier: workspace:*
        version: link:../chat
      common:
        specifier: workspace:*
        version: link:../common
      debounce-promise:
        specifier: ^3.1.2
        version: 3.1.2
      draughtsground:
        specifier: workspace:*
        version: link:../draughtsground
      game:
        specifier: workspace:*
        version: link:../game
      highcharts:
        specifier: '=4.2.5'
        version: 4.2.5
      nvui:
        specifier: workspace:*
        version: link:../nvui
      prop-types:
        specifier: ^15.7.2
        version: 15.8.1
      snabbdom:
        specifier: ^3.0.1
        version: 3.5.1
      stratutils:
        specifier: workspace:*
        version: link:../stratutils
      tree:
        specifier: workspace:*
        version: link:../tree
    devDependencies:
      '@types/debounce-promise':
        specifier: ^3.1.3
        version: 3.1.9
      '@types/highcharts':
        specifier: 4.2.57
        version: 4.2.57
      '@types/yaireo__tagify':
        specifier: ^4.0.1
        version: 4.27.0

  ui/ceval:
    dependencies:
      common:
        specifier: workspace:*
        version: link:../common
      idb-keyval:
        specifier: ^5.0.4
        version: 5.1.5
      snabbdom:
        specifier: ^3.0.1
        version: 3.5.1
      stratutils:
        specifier: workspace:*
        version: link:../stratutils

  ui/challenge:
    dependencies:
      common:
        specifier: workspace:*
        version: link:../common
      snabbdom:
        specifier: ^3.0.1
        version: 3.5.1

  ui/chat:
    dependencies:
      common:
        specifier: workspace:*
        version: link:../common
      palantir:
        specifier: workspace:*
        version: link:../palantir
      snabbdom:
        specifier: ^3.0.1
        version: 3.5.1

  ui/cli:
    dependencies:
      common:
        specifier: workspace:*
        version: link:../common

  ui/common:
    dependencies:
      snabbdom:
        specifier: ^3.0.1
        version: 3.5.1
      stratutils:
        specifier: workspace:*
        version: link:../stratutils

  ui/dasher:
    dependencies:
      common:
        specifier: workspace:*
        version: link:../common
      snabbdom:
        specifier: ^3.0.1
        version: 3.5.1

  ui/dgt: {}

  ui/draughts:
    dependencies:
      draughtsground:
        specifier: workspace:*
        version: link:../draughtsground

  ui/draughtsground:
    dependencies:
      tslib:
        specifier: ^2
        version: 2.8.1

  ui/draughtsround:
    dependencies:
      chat:
        specifier: workspace:*
        version: link:../chat
      common:
        specifier: workspace:*
        version: link:../common
      draughts:
        specifier: workspace:*
        version: link:../draughts
      draughtsground:
        specifier: workspace:*
        version: link:../draughtsground
      game:
        specifier: workspace:*
        version: link:../game
      nvui:
        specifier: workspace:*
        version: link:../nvui
      snabbdom:
        specifier: ^3.0.1
        version: 3.5.1

  ui/editor:
    dependencies:
      common:
        specifier: workspace:*
        version: link:../common
      snabbdom:
        specifier: ^3.0.1
        version: 3.5.1

  ui/game: {}

  ui/insight:
    dependencies:
      common:
        specifier: workspace:*
        version: link:../common
      mithril:
        specifier: github:ornicar/mithril.js#lila-1
        version: https://codeload.github.com/ornicar/mithril.js/tar.gz/dd92827aec63f921149ca9a3460ccd981e7025bb
      numeral:
        specifier: ^1.5
        version: 1.5.6

  ui/learn:
    dependencies:
      chess.js:
        specifier: github:ornicar/chess.js#learn
        version: https://codeload.github.com/ornicar/chess.js/tar.gz/ad0709c0b07773d9d0da8e4605a9a2a28f00d249
      common:
        specifier: workspace:*
        version: link:../common
      mithril:
        specifier: github:ornicar/mithril.js#lila-1
        version: https://codeload.github.com/ornicar/mithril.js/tar.gz/dd92827aec63f921149ca9a3460ccd981e7025bb

  ui/library:
    dependencies:
      common:
        specifier: workspace:*
        version: link:../common
      snabbdom:
        specifier: ^3.0.1
        version: 3.5.1

  ui/lobby:
    dependencies:
      chat:
        specifier: workspace:*
        version: link:../chat
      common:
        specifier: workspace:*
        version: link:../common
      debounce-promise:
        specifier: ^3.1.2
        version: 3.1.2
      draughtsground:
        specifier: workspace:*
        version: link:../draughtsground
      snabbdom:
        specifier: ^3.0.1
        version: 3.5.1
    devDependencies:
      '@types/debounce-promise':
        specifier: ^3.1.3
        version: 3.1.9

  ui/msg:
    dependencies:
      common:
        specifier: workspace:*
        version: link:../common
      snabbdom:
        specifier: ^3.0.1
        version: 3.5.1

  ui/notify:
    dependencies:
      common:
        specifier: workspace:*
        version: link:../common
      snabbdom:
        specifier: ^3.0.1
        version: 3.5.1

  ui/nvui:
    dependencies:
      snabbdom:
        specifier: ^3.0.1
        version: 3.5.1

  ui/palantir:
    dependencies:
      common:
        specifier: workspace:*
        version: link:../common
      peerjs:
        specifier: ^1.5.4
        version: 1.5.5
      snabbdom:
        specifier: 3.5.1
        version: 3.5.1
      types-serviceworker:
        specifier: ^0.0.1
        version: 0.0.1
    devDependencies:
      '@types/webrtc':
        specifier: ^0.0.26
        version: 0.0.26

  ui/puz:
    dependencies:
      common:
        specifier: workspace:*
        version: link:../common
      snabbdom:
        specifier: ^3.0.1
        version: 3.5.1

  ui/puzzle:
    dependencies:
      ceval:
        specifier: workspace:*
        version: link:../ceval
      chart.js:
        specifier: ^2.9
        version: 2.9.4
      common:
        specifier: workspace:*
        version: link:../common
      snabbdom:
        specifier: ^3.0.1
        version: 3.5.1
      stratutils:
        specifier: workspace:*
        version: link:../stratutils
      tree:
        specifier: workspace:*
        version: link:../tree
    devDependencies:
      '@types/chart.js':
        specifier: ^2.9.29
        version: 2.9.41

  ui/racer:
    dependencies:
      common:
        specifier: workspace:*
        version: link:../common
      puz:
        specifier: workspace:*
        version: link:../puz
      snabbdom:
        specifier: ^3.0.1
        version: 3.5.1

  ui/round:
    dependencies:
      ab:
        specifier: https://github.com/lichess-org/ab-stub
        version: https://codeload.github.com/lichess-org/ab-stub/tar.gz/94236bf34dbc9c05daf50f4c9842d859b9142be0
      chat:
        specifier: workspace:*
        version: link:../chat
      common:
        specifier: workspace:*
        version: link:../common
      draughtsground:
        specifier: workspace:*
        version: link:../draughtsground
      game:
        specifier: workspace:*
        version: link:../game
      nvui:
        specifier: workspace:*
        version: link:../nvui
      snabbdom:
        specifier: ^3.0.1
        version: 3.5.1
      stratutils:
        specifier: workspace:*
        version: link:../stratutils

  ui/serviceWorker:
    dependencies:
      types-serviceworker:
        specifier: ^0.0.1
        version: 0.0.1

  ui/simul:
    dependencies:
      chat:
        specifier: workspace:*
        version: link:../chat
      common:
        specifier: workspace:*
        version: link:../common
      draughtsground:
        specifier: workspace:*
        version: link:../draughtsground
      game:
        specifier: workspace:*
        version: link:../game
      snabbdom:
        specifier: ^3.0.1
        version: 3.5.1
      stratutils:
        specifier: workspace:*
        version: link:../stratutils

  ui/site:
    dependencies:
      '@fnando/sparkline':
        specifier: ^0.3.10
        version: 0.3.10
      '@yaireo/tagify':
        specifier: ^4.32.0
        version: 4.35.4(prop-types@15.8.1)(react-dom@19.2.0(react@19.2.0))(react@19.2.0)
      chat:
        specifier: workspace:*
        version: link:../chat
      common:
        specifier: workspace:*
        version: link:../common
      debounce-promise:
        specifier: ^3.1.2
        version: 3.1.2
      draughtsground:
        specifier: workspace:*
        version: link:../draughtsground
      fairy-stockfish-nnue.wasm:
        specifier: 1.1.9
        version: 1.1.9
      flatpickr:
        specifier: ^4.6.9
        version: 4.6.13
      highcharts:
        specifier: '=4.2.5'
        version: 4.2.5
      hopscotch:
        specifier: ^0.3.1
        version: 0.3.1
      prop-types:
        specifier: ^15.7.2
        version: 15.8.1
      stratutils:
        specifier: workspace:*
        version: link:../stratutils
      tablesort:
        specifier: ^5.1
        version: 5.6.0
      zxcvbn:
        specifier: ^4.4.2
        version: 4.4.2
    devDependencies:
      '@types/debounce-promise':
        specifier: ^3.1.3
        version: 3.1.9
      '@types/fnando__sparkline':
        specifier: ^0.3.2
        version: 0.3.7
      '@types/yaireo__tagify':
        specifier: ^4.0.1
        version: 4.27.0
      '@types/zxcvbn':
        specifier: ^4.4.0
        version: 4.4.5

  ui/speech: {}

  ui/storm:
    dependencies:
      common:
        specifier: workspace:*
        version: link:../common
      puz:
        specifier: workspace:*
        version: link:../puz
      snabbdom:
        specifier: ^3.0.1
        version: 3.5.1

  ui/stratutils:
    dependencies:
      game:
        specifier: workspace:*
        version: link:../game

  ui/swiss:
    dependencies:
      chat:
        specifier: workspace:*
        version: link:../chat
      common:
        specifier: workspace:*
        version: link:../common
      draughtsground:
        specifier: workspace:*
        version: link:../draughtsground
      game:
        specifier: workspace:*
        version: link:../game
      snabbdom:
        specifier: ^3.0.1
        version: 3.5.1
      stratutils:
        specifier: workspace:*
        version: link:../stratutils

  ui/tournament:
    dependencies:
      chat:
        specifier: workspace:*
        version: link:../chat
      common:
        specifier: workspace:*
        version: link:../common
      draughtsground:
        specifier: workspace:*
        version: link:../draughtsground
      game:
        specifier: workspace:*
        version: link:../game
      snabbdom:
        specifier: ^3.0.1
        version: 3.5.1
      stratutils:
        specifier: workspace:*
        version: link:../stratutils

  ui/tournamentCalendar:
    dependencies:
      date-fns:
        specifier: ^2.14.0
        version: 2.30.0
      snabbdom:
        specifier: ^3.0.1
        version: 3.5.1

  ui/tournamentSchedule:
    dependencies:
      dragscroll:
        specifier: ^0.0.8
        version: 0.0.8
      snabbdom:
        specifier: ^3.0.1
        version: 3.5.1
    devDependencies:
      '@types/dragscroll':
        specifier: ^0.0.3
        version: 0.0.3

  ui/tree:
    dependencies:
      common:
        specifier: workspace:*
        version: link:../common

packages:

  '@babel/runtime@7.28.4':
    resolution: {integrity: sha512-Q/N6JNWvIvPnLDvjlE1OUBLPQHH6l3CltCEsHIujp45zQUSSh8K+gHnaEX45yAT1nyngnINhvWtzN+Nb9D8RAQ==}
    engines: {node: '>=6.9.0'}

  '@badrap/result@0.2.13':
    resolution: {integrity: sha512-Qvyzz0dmGY0h8pwvBFo1BznAKf5Y5NXIDiqhPALWtfU7oHbAToCtPu4FlYQ3uysskSWLx8GUiyhe0nv0nDd/7Q==}

  '@fnando/sparkline@0.3.10':
    resolution: {integrity: sha512-Rwz2swatdSU5F4sCOvYG8EOWdjtLgq5d8nmnqlZ3PXdWJI9Zq9BRUvJ/9ygjajJG8qOyNpMFX3GEVFjZIuB1Jg==}

  '@msgpack/msgpack@2.8.0':
    resolution: {integrity: sha512-h9u4u/jiIRKbq25PM+zymTyW6bhTzELvOoUd+AvYriWOAKpLGnIamaET3pnHYoI5iYphAHBI4ayx0MehR+VVPQ==}
    engines: {node: '>= 10'}

  '@types/chart.js@2.9.41':
    resolution: {integrity: sha512-3dvkDvueckY83UyUXtJMalYoH6faOLkWQoaTlJgB4Djde3oORmNP0Jw85HtzTuXyliUHcdp704s0mZFQKio/KQ==}

  '@types/debounce-promise@3.1.9':
    resolution: {integrity: sha512-awNxydYSU+E2vL7EiOAMtiSOfL5gUM5X4YSE2A92qpxDJQ/rXz6oMPYBFDcDywlUmvIDI6zsqgq17cGm5CITQw==}

  '@types/dragscroll@0.0.3':
    resolution: {integrity: sha512-Nti+uvpcVv2VAkqF1+XJivEdE1rxdvWmE4mtMydm9kYBaT0/QsvQSjzqA2G0SE62RoTjVmhC48ap8yfApl8YJw==}

  '@types/fnando__sparkline@0.3.7':
    resolution: {integrity: sha512-irYrS2clNGbnKBBIBAulPH6hDZ/HlBkNsDbYPfO8B2obcxtC9UzKFS5IBSzrUtfKbwf8U01xHj+5iEJ7TtY04Q==}

  '@types/geojson@7946.0.16':
    resolution: {integrity: sha512-6C8nqWur3j98U6+lXDfTUWIfgvZU+EumvpHKcYjujKH7woYyLj2sUmff0tRhrqM7BohUw7Pz3ZB1jj2gW9Fvmg==}

  '@types/highcharts@4.2.57':
    resolution: {integrity: sha512-8/RF3I2Zy4I8ll9Ksa+wTbHA7ne/OHilmaTBQTVpQdNtOX6dL7EWFXfcfwiXQAfL+0r48LifHjYDmqug0t8mQA==}

  '@types/react@19.2.2':
    resolution: {integrity: sha512-6mDvHUFSjyT2B2yeNx2nUgMxh9LtOWvkhIU3uePn2I2oyNymUAX1NIsdgviM4CH+JSrp2D2hsMvJOkxY+0wNRA==}

  '@types/webrtc@0.0.26':
    resolution: {integrity: sha512-hTDoPKPYbgcogZA9eqhihPO+HnUs5BNPfnoOyc9bzcuq56eYV28zwJ+3tortPN0uXgmDvNs3f1JaT4oTbtWxqg==}

  '@types/yaireo__tagify@4.27.0':
    resolution: {integrity: sha512-aMqj5QbXQL/Z47kevT4NODIaUgAhuMRWRUw4wAGNadgvegoLh3zbE56p2taXlmjRBw8S/yiqQoDek5I2i0CwiQ==}

  '@types/zxcvbn@4.4.5':
    resolution: {integrity: sha512-FZJgC5Bxuqg7Rhsm/bx6gAruHHhDQ55r+s0JhDh8CQ16fD7NsJJ+p8YMMQDhSQoIrSmjpqqYWA96oQVMNkjRyA==}

  '@yaireo/tagify@4.35.4':
    resolution: {integrity: sha512-kC+1FEAZEM4DrBmn/wKMnpu5D1Lt1oMt/Wkx+VAdK13a/0B/hY+PWMoZKPePM81TX/VIpf7dstTDg6ckOvbzNw==}
    engines: {node: '>=16.15.0', npm: '>=9.0.0'}
    peerDependencies:
      prop-types: '>15.5.7'
      react: '*'
      react-dom: '*'

  ab@https://codeload.github.com/lichess-org/ab-stub/tar.gz/94236bf34dbc9c05daf50f4c9842d859b9142be0:
    resolution: {tarball: https://codeload.github.com/lichess-org/ab-stub/tar.gz/94236bf34dbc9c05daf50f4c9842d859b9142be0}
    version: 1.0.0

  breakpoint-sass@2.7.1:
    resolution: {integrity: sha512-99tYVacptnG6v3VnX62W07TnifrroDnWql+1wuTOfPCEGeNoMvpd0Mw+o+JZk50mAZ1CIHAr1I3GatHEZ2VZeQ==}

  chart.js@2.9.4:
    resolution: {integrity: sha512-B07aAzxcrikjAPyV+01j7BmOpxtQETxTSlQ26BEYJ+3iUkbNKaOJ/nDbT6JjyqYxseM0ON12COHYdU2cTIjC7A==}

  chartjs-color-string@0.6.0:
    resolution: {integrity: sha512-TIB5OKn1hPJvO7JcteW4WY/63v6KwEdt6udfnDE9iCAZgy+V4SrbSxoIbTw/xkUIapjEI4ExGtD0+6D3KyFd7A==}

  chartjs-color@2.4.1:
    resolution: {integrity: sha512-haqOg1+Yebys/Ts/9bLo/BqUcONQOdr/hoEr2LLTRl6C5LXctUdHxsCYfvQVg5JIxITrfCNUDr4ntqmQk9+/0w==}

  chess.js@https://codeload.github.com/ornicar/chess.js/tar.gz/ad0709c0b07773d9d0da8e4605a9a2a28f00d249:
    resolution: {tarball: https://codeload.github.com/ornicar/chess.js/tar.gz/ad0709c0b07773d9d0da8e4605a9a2a28f00d249}
    version: 0.10.2

  color-convert@1.9.3:
    resolution: {integrity: sha512-QfAUtd+vFdAtFQcC8CCyYt1fYWxSqAiK2cSD6zDB8N3cpsEBAvRxp9zOGg6G/SHHJYAT88/az/IuDGALsNVbGg==}

  color-name@1.1.3:
    resolution: {integrity: sha512-72fSenhMw2HZMTVHeCA9KCmpEIbzWiQsjN+BHcBbS9vr1mtt+vJjPdksIBNUmKAW8TFUDPJK5SUU3QhE9NEXDw==}

  color-name@1.1.4:
    resolution: {integrity: sha512-dOy+3AuW3a2wNbZHIuMZpTcgjGuLU/uBL/ubcZF9OXbDo8ff4O8yVp5Bf0efS8uEoYo5q4Fx7dY9OgQGXgAsQA==}

  csstype@3.1.3:
    resolution: {integrity: sha512-M1uQkMl8rQK/szD0LNhtqxIPLpimGm8sOBwU7lLnCpSbTyY3yeU1Vc7l4KT5zT4s/yOxHH5O7tIuuLOCnLADRw==}

  date-fns@2.30.0:
    resolution: {integrity: sha512-fnULvOpxnC5/Vg3NCiWelDsLiUc9bRwAPs/+LfTLNvetFCtCTN+yQz15C/fs4AwX1R9K5GLtLfn8QW+dWisaAw==}
    engines: {node: '>=0.11'}

  debounce-promise@3.1.2:
    resolution: {integrity: sha512-rZHcgBkbYavBeD9ej6sP56XfG53d51CD4dnaw989YX/nZ/ZJfgRx/9ePKmTNiUiyQvh4mtrMoS3OAWW+yoYtpg==}

  dragscroll@0.0.8:
    resolution: {integrity: sha512-nMrx/KErHpEkiKZlrghcT/nLWCj8vEJgv6s6TF84gmgn6uROPx2wRvClkcnjSEyvppYY9okOI1DIv573Toql1w==}

  eventemitter3@4.0.7:
    resolution: {integrity: sha512-8guHBZCwKnFhYdHr2ysuRWErTwhoN2X8XELRlrRwpmfeY2jjuUN4taQMsULKUVo1K4DvZl+0pgfyoysHxvmvEw==}

  fairy-stockfish-nnue.wasm@1.1.9:
    resolution: {integrity: sha512-vWirUkTzj3nboBxTZTKgBgv/eW8ATKQi2OmJvZF7UIbkrSrqly0qN7MI4oVUuClD7fXscVu9Umv9vP+CA8tPxA==}

  flatpickr@4.6.13:
    resolution: {integrity: sha512-97PMG/aywoYpB4IvbvUJi0RQi8vearvU0oov1WW3k0WZPBMrTQVqekSX5CjSG/M4Q3i6A/0FKXC7RyAoAUUSPw==}

  highcharts@4.2.5:
    resolution: {integrity: sha512-u6LPuWXaWPoU6MeGHoF/E4HSqN7tJTtWi0xDvtYJX1vRmhDe4LCNzTP5n+Mo9UudRhdIb30nyeJuvjipHn07Vg==}

  hopscotch@0.3.1:
    resolution: {integrity: sha512-XBvxhh1awi7lWzNP9Os2J8c/Ql66IPKnUn7L3hvqPaEa0Fk2S81mo0n2T/RxE2aNoHitVmn5Bl5C9J63iEWvSw==}

  idb-keyval@5.1.5:
    resolution: {integrity: sha512-J1utxYWQokYjy01LvDQ7WmiAtZCGUSkVi9EIBfUSyLOr/BesnMIxNGASTh9A1LzeISSjSqEPsfFdTss7EE7ofQ==}

  js-tokens@4.0.0:
    resolution: {integrity: sha512-RdJUflcE3cUzKiMqQgsCu06FPu9UdIJO0beYbPhHN4k6apgJtifcoCtT9bcxOpYBtpD2kCM6Sbzg4CausW/PKQ==}

  loose-envify@1.4.0:
    resolution: {integrity: sha512-lyuxPGr/Wfhrlem2CL/UcnUc1zcqKAImBDzukY7Y5F/yQiNdko6+fRLevlw1HgMySw7f611UIY408EtxRSoK3Q==}
    hasBin: true

  mithril@https://codeload.github.com/ornicar/mithril.js/tar.gz/dd92827aec63f921149ca9a3460ccd981e7025bb:
    resolution: {tarball: https://codeload.github.com/ornicar/mithril.js/tar.gz/dd92827aec63f921149ca9a3460ccd981e7025bb}
    version: 0.2.1-lila

  moment@2.30.1:
    resolution: {integrity: sha512-uEmtNhbDOrWPFS+hdjFCBfy9f2YoyzRpwcl+DqpC6taX21FzsTLQVbMV/W7PzNSX6x/bhC1zA3c2UQ5NzH6how==}

  numeral@1.5.6:
    resolution: {integrity: sha512-ajp+xurmcvkOLZURhHP2O7AyyF+v2xQDeCODlzALrNeAQnriYaWu0c8I/mu985WaVl2O2lgdOt0QgQHlCAQ3UA==}

  object-assign@4.1.1:
    resolution: {integrity: sha512-rJgTQnkUnH1sFw8yT6VSU3zD3sWmu6sZhIseY8VX+GRu3P6F7Fu+JNDoXfklElbLJSnc3FUQHVe4cU5hj+BcUg==}
    engines: {node: '>=0.10.0'}

  peerjs-js-binarypack@2.1.0:
    resolution: {integrity: sha512-YIwCC+pTzp3Bi8jPI9UFKO0t0SLo6xALnHkiNt/iUFmUUZG0fEEmEyFKvjsDKweiFitzHRyhuh6NvyJZ4nNxMg==}
    engines: {node: '>= 14.0.0'}

  peerjs@1.5.5:
    resolution: {integrity: sha512-viMUCPDL6CSfOu0ZqVcFqbWRXNHIbv2lPqNbrBIjbFYrflebOjItJ4hPfhjnuUCstqciHVu9vVJ7jFqqKi/EuQ==}
    engines: {node: '>= 14'}

  prop-types@15.8.1:
    resolution: {integrity: sha512-oj87CgZICdulUohogVAR7AjlC0327U4el4L6eAvOqCeudMDVU0NThNaV+b9Df4dXgSP1gXMTnPdhfe/2qDH5cg==}

  react-dom@19.2.0:
    resolution: {integrity: sha512-UlbRu4cAiGaIewkPyiRGJk0imDN2T3JjieT6spoL2UeSf5od4n5LB/mQ4ejmxhCFT1tYe8IvaFulzynWovsEFQ==}
    peerDependencies:
      react: ^19.2.0

  react-is@16.13.1:
    resolution: {integrity: sha512-24e6ynE2H+OKt4kqsOvNd8kBpV65zoxbA4BVsEOB3ARVWQki/DHzaUoC5KuON/BiccDaCCTZBuOcfZs70kR8bQ==}

  react@19.2.0:
    resolution: {integrity: sha512-tmbWg6W31tQLeB5cdIBOicJDJRR2KzXsV7uSK9iNfLWQ5bIZfxuPEHp7M8wiHyHnn0DD1i7w3Zmin0FtkrwoCQ==}
    engines: {node: '>=0.10.0'}

  safari-14-idb-fix@1.0.6:
    resolution: {integrity: sha512-oTEQOdMwRX+uCtWCKT1nx2gAeSdpr8elg/2gcaKUH00SJU2xWESfkx11nmXwTRHy7xfQoj1o4TTQvdmuBosTnA==}

  scheduler@0.27.0:
    resolution: {integrity: sha512-eNv+WrVbKu1f3vbYJT/xtiF5syA5HPIMtf9IgY/nKg0sWqzAUEvqY/xm7OcZc/qafLx/iO9FgOmeSAp4v5ti/Q==}

  sdp@3.2.1:
    resolution: {integrity: sha512-lwsAIzOPlH8/7IIjjz3K0zYBk7aBVVcvjMwt3M4fLxpjMYyy7i3I97SLHebgn4YBjirkzfp3RvRDWSKsh/+WFw==}

  snabbdom@3.5.1:
    resolution: {integrity: sha512-wHMNIOjkm/YNE5EM3RCbr/+DVgPg6AqQAX1eOxO46zYNvCXjKP5Y865tqQj3EXnaMBjkxmQA5jFuDpDK/dbfiA==}
    engines: {node: '>=8.3.0'}

  tablesort@5.6.0:
    resolution: {integrity: sha512-cZZXK3G089PbpxH8N7vN7Z21SEKqXAaCiSVOmZdR/v7z8TFCsF/OFr0rzjhQuFlQQHy9uQtW9P2oQFJzJFGVrg==}
    engines: {node: '>= 16', npm: '>= 8'}

  tslib@2.8.1:
    resolution: {integrity: sha512-oJFu94HQb+KVduSUQL7wnpmqnfmLsOA/nAh6b6EH0wCEoK0/mPeXU6c3wKDV83MkOuHPRHtSXKKU99IBazS/2w==}

  types-serviceworker@0.0.1:
    resolution: {integrity: sha512-EKO/SZ3AsHEZsqv+bsdlTCz5k955riOksnYGlG6JhVwNTVsPWj/TScTbiNVZ5+mmX8TcEXF0C8aSxUw0jTDpIw==}

  webrtc-adapter@9.0.3:
    resolution: {integrity: sha512-5fALBcroIl31OeXAdd1YUntxiZl1eHlZZWzNg3U4Fn+J9/cGL3eT80YlrsWGvj2ojuz1rZr2OXkgCzIxAZ7vRQ==}
    engines: {node: '>=6.0.0', npm: '>=3.10.0'}

  zxcvbn@4.4.2:
    resolution: {integrity: sha512-Bq0B+ixT/DMyG8kgX2xWcI5jUvCwqrMxSFam7m0lAf78nf04hv6lNCsyLYdyYTrCVMqNDY/206K7eExYCeSyUQ==}

snapshots:

  '@babel/runtime@7.28.4': {}

  '@badrap/result@0.2.13': {}

  '@fnando/sparkline@0.3.10': {}

  '@msgpack/msgpack@2.8.0': {}

  '@types/chart.js@2.9.41':
    dependencies:
      moment: 2.30.1

  '@types/debounce-promise@3.1.9': {}

  '@types/dragscroll@0.0.3': {}

  '@types/fnando__sparkline@0.3.7': {}

  '@types/geojson@7946.0.16': {}

  '@types/highcharts@4.2.57':
    dependencies:
      '@types/geojson': 7946.0.16

  '@types/react@19.2.2':
    dependencies:
      csstype: 3.1.3

  '@types/webrtc@0.0.26': {}

  '@types/yaireo__tagify@4.27.0':
    dependencies:
      '@types/react': 19.2.2

  '@types/zxcvbn@4.4.5': {}

  '@yaireo/tagify@4.35.4(prop-types@15.8.1)(react-dom@19.2.0(react@19.2.0))(react@19.2.0)':
    dependencies:
      prop-types: 15.8.1
      react: 19.2.0
      react-dom: 19.2.0(react@19.2.0)

  ab@https://codeload.github.com/lichess-org/ab-stub/tar.gz/94236bf34dbc9c05daf50f4c9842d859b9142be0: {}

  breakpoint-sass@2.7.1: {}

  chart.js@2.9.4:
    dependencies:
      chartjs-color: 2.4.1
      moment: 2.30.1

  chartjs-color-string@0.6.0:
    dependencies:
      color-name: 1.1.4

  chartjs-color@2.4.1:
    dependencies:
      chartjs-color-string: 0.6.0
      color-convert: 1.9.3

  chess.js@https://codeload.github.com/ornicar/chess.js/tar.gz/ad0709c0b07773d9d0da8e4605a9a2a28f00d249: {}

  color-convert@1.9.3:
    dependencies:
      color-name: 1.1.3

  color-name@1.1.3: {}

  color-name@1.1.4: {}

  csstype@3.1.3: {}

  date-fns@2.30.0:
    dependencies:
      '@babel/runtime': 7.28.4

  debounce-promise@3.1.2: {}

  dragscroll@0.0.8: {}

  eventemitter3@4.0.7: {}

  fairy-stockfish-nnue.wasm@1.1.9: {}

  flatpickr@4.6.13: {}

  highcharts@4.2.5: {}

  hopscotch@0.3.1: {}

  idb-keyval@5.1.5:
    dependencies:
      safari-14-idb-fix: 1.0.6

  js-tokens@4.0.0: {}

  loose-envify@1.4.0:
    dependencies:
      js-tokens: 4.0.0

  mithril@https://codeload.github.com/ornicar/mithril.js/tar.gz/dd92827aec63f921149ca9a3460ccd981e7025bb: {}

  moment@2.30.1: {}

  numeral@1.5.6: {}

  object-assign@4.1.1: {}

  peerjs-js-binarypack@2.1.0: {}

  peerjs@1.5.5:
    dependencies:
      '@msgpack/msgpack': 2.8.0
      eventemitter3: 4.0.7
      peerjs-js-binarypack: 2.1.0
      webrtc-adapter: 9.0.3

  prop-types@15.8.1:
    dependencies:
      loose-envify: 1.4.0
      object-assign: 4.1.1
      react-is: 16.13.1

  react-dom@19.2.0(react@19.2.0):
    dependencies:
      react: 19.2.0
      scheduler: 0.27.0

  react-is@16.13.1: {}

  react@19.2.0: {}

  safari-14-idb-fix@1.0.6: {}

  scheduler@0.27.0: {}

  sdp@3.2.1: {}

  snabbdom@3.5.1: {}

  tablesort@5.6.0: {}

  tslib@2.8.1: {}

  types-serviceworker@0.0.1: {}

  webrtc-adapter@9.0.3:
    dependencies:
      sdp: 3.2.1

  zxcvbn@4.4.2: {}
